
Microsoft Visual Studio Solution File, Format Version 12.00
# Visual Studio Version 17
VisualStudioVersion = 17.8.34330.188
MinimumVisualStudioVersion = 10.0.40219.1
Project("{FAE04EC0-301F-11D3-BF4B-00C04F79EFBC}") = "KriptolojiOdevler8", "KriptolojiOdevler8\KriptolojiOdevler8.csproj", "{2CA2AB84-556B-4777-9E04-341A2B4DD53B}"
EndProject
Global
	GlobalSection(SolutionConfigurationPlatforms) = preSolution
		Debug|Any CPU = Debug|Any CPU
		Release|Any CPU = Release|Any CPU
	EndGlobalSection
	GlobalSection(ProjectConfigurationPlatforms) = postSolution
		{2CA2AB84-556B-4777-9E04-341A2B4DD53B}.Debug|Any CPU.ActiveCfg = Debug|Any CPU
		{2CA2AB84-556B-4777-9E04-341A2B4DD53B}.Debug|Any CPU.Build.0 = Debug|Any CPU
		{2CA2AB84-556B-4777-9E04-341A2B4DD53B}.Release|Any CPU.ActiveCfg = Release|Any CPU
		{2CA2AB84-556B-4777-9E04-341A2B4DD53B}.Release|Any CPU.Build.0 = Release|Any CPU
	EndGlobalSection
	GlobalSection(SolutionProperties) = preSolution
		HideSolutionNode = FALSE
	EndGlobalSection
	GlobalSection(ExtensibilityGlobals) = postSolution
		SolutionGuid = {BAACE49C-FBA2-4C1B-960E-48CDB1DCC4AC}
	EndGlobalSection
EndGlobal
